
Microsoft Visual Studio Solution File, Format Version 12.00
# Visual Studio Version 17
VisualStudioVersion = 17.0.31903.59
MinimumVisualStudioVersion = 10.0.40219.1
Project("{2150E333-8FDC-42A3-9474-1A3956D46DE8}") = "src", "src", "{87FDB234-33AB-4DF0-B9DF-EF79FFBA8A18}"
EndProject
Project("{FAE04EC0-301F-11D3-BF4B-00C04F79EFBC}") = "Kroira.App", "src\Kroira.App\Kroira.App.csproj", "{6C73FF35-71FA-48E1-901F-10408685B600}"
EndProject
Global
	GlobalSection(SolutionConfigurationPlatforms) = preSolution
		Debug|Any CPU = Debug|Any CPU
		Release|Any CPU = Release|Any CPU
	EndGlobalSection
	GlobalSection(SolutionProperties) = preSolution
		HideSolutionNode = FALSE
	EndGlobalSection
	GlobalSection(ProjectConfigurationPlatforms) = postSolution
		{6C73FF35-71FA-48E1-901F-10408685B600}.Debug|Any CPU.ActiveCfg = Debug|x86
		{6C73FF35-71FA-48E1-901F-10408685B600}.Debug|Any CPU.Build.0 = Debug|x86
		{6C73FF35-71FA-48E1-901F-10408685B600}.Release|Any CPU.ActiveCfg = Release|x86
		{6C73FF35-71FA-48E1-901F-10408685B600}.Release|Any CPU.Build.0 = Release|x86
	EndGlobalSection
	GlobalSection(NestedProjects) = preSolution
		{6C73FF35-71FA-48E1-901F-10408685B600} = {87FDB234-33AB-4DF0-B9DF-EF79FFBA8A18}
	EndGlobalSection
EndGlobal
